
Microsoft Visual Studio Solution File, Format Version 12.00
# Visual Studio Version 17
VisualStudioVersion = 17.13.35806.99 d17.13
MinimumVisualStudioVersion = 10.0.40219.1
Project("{FAE04EC0-301F-11D3-BF4B-00C04F79EFBC}") = "Matriz", "Matriz\Matriz.csproj", "{72111BF9-0DC3-462C-BACB-739133F0E818}"
EndProject
Global
	GlobalSection(SolutionConfigurationPlatforms) = preSolution
		Debug|Any CPU = Debug|Any CPU
		Release|Any CPU = Release|Any CPU
	EndGlobalSection
	GlobalSection(ProjectConfigurationPlatforms) = postSolution
		{72111BF9-0DC3-462C-BACB-739133F0E818}.Debug|Any CPU.ActiveCfg = Debug|Any CPU
		{72111BF9-0DC3-462C-BACB-739133F0E818}.Debug|Any CPU.Build.0 = Debug|Any CPU
		{72111BF9-0DC3-462C-BACB-739133F0E818}.Release|Any CPU.ActiveCfg = Release|Any CPU
		{72111BF9-0DC3-462C-BACB-739133F0E818}.Release|Any CPU.Build.0 = Release|Any CPU
	EndGlobalSection
	GlobalSection(SolutionProperties) = preSolution
		HideSolutionNode = FALSE
	EndGlobalSection
	GlobalSection(ExtensibilityGlobals) = postSolution
		SolutionGuid = {D0C9B8EF-E642-4222-8101-630C2B8FE5C0}
	EndGlobalSection
EndGlobal
