
Microsoft Visual Studio Solution File, Format Version 12.00
# Visual Studio Version 17
VisualStudioVersion = 17.13.35806.99 d17.13
MinimumVisualStudioVersion = 10.0.40219.1
Project("{FAE04EC0-301F-11D3-BF4B-00C04F79EFBC}") = "Potencia", "Potencia\Potencia.csproj", "{85164D3C-5823-4957-AE31-E8C5B07CB781}"
EndProject
Global
	GlobalSection(SolutionConfigurationPlatforms) = preSolution
		Debug|Any CPU = Debug|Any CPU
		Release|Any CPU = Release|Any CPU
	EndGlobalSection
	GlobalSection(ProjectConfigurationPlatforms) = postSolution
		{85164D3C-5823-4957-AE31-E8C5B07CB781}.Debug|Any CPU.ActiveCfg = Debug|Any CPU
		{85164D3C-5823-4957-AE31-E8C5B07CB781}.Debug|Any CPU.Build.0 = Debug|Any CPU
		{85164D3C-5823-4957-AE31-E8C5B07CB781}.Release|Any CPU.ActiveCfg = Release|Any CPU
		{85164D3C-5823-4957-AE31-E8C5B07CB781}.Release|Any CPU.Build.0 = Release|Any CPU
	EndGlobalSection
	GlobalSection(SolutionProperties) = preSolution
		HideSolutionNode = FALSE
	EndGlobalSection
	GlobalSection(ExtensibilityGlobals) = postSolution
		SolutionGuid = {4D6638D4-E160-48F9-A807-C0E8BC88F59E}
	EndGlobalSection
EndGlobal
